
Microsoft Visual Studio Solution File, Format Version 12.00
# Visual Studio Version 17
VisualStudioVersion = 17.14.37216.2 d17.14
MinimumVisualStudioVersion = 10.0.40219.1
Project("{FAE04EC0-301F-11D3-BF4B-00C04F79EFBC}") = "Saat", "Saat\Saat.csproj", "{84DA2882-0560-4B95-8181-08DB9D9AB71D}"
EndProject
Global
	GlobalSection(SolutionConfigurationPlatforms) = preSolution
		Debug|Any CPU = Debug|Any CPU
		Release|Any CPU = Release|Any CPU
	EndGlobalSection
	GlobalSection(ProjectConfigurationPlatforms) = postSolution
		{84DA2882-0560-4B95-8181-08DB9D9AB71D}.Debug|Any CPU.ActiveCfg = Debug|Any CPU
		{84DA2882-0560-4B95-8181-08DB9D9AB71D}.Debug|Any CPU.Build.0 = Debug|Any CPU
		{84DA2882-0560-4B95-8181-08DB9D9AB71D}.Release|Any CPU.ActiveCfg = Release|Any CPU
		{84DA2882-0560-4B95-8181-08DB9D9AB71D}.Release|Any CPU.Build.0 = Release|Any CPU
	EndGlobalSection
	GlobalSection(SolutionProperties) = preSolution
		HideSolutionNode = FALSE
	EndGlobalSection
	GlobalSection(ExtensibilityGlobals) = postSolution
		SolutionGuid = {C3380AB1-78A0-4019-9C53-171D536F2374}
	EndGlobalSection
EndGlobal
